// !$*UTF8*$!
{
	archiveVersion = 1;
	classes = {
	};
	objectVersion = 46;
	objects = {

/* Begin PBXBuildFile section */
		57C8A8721E1FAD3F006615A0 /* AppDelegate.swift in Sources */ = {isa = PBXBuildFile; fileRef = 57C8A8711E1FAD3F006615A0 /* AppDelegate.swift */; };
		57C8A8741E1FAD3F006615A0 /* ViewController.swift in Sources */ = {isa = PBXBuildFile; fileRef = 57C8A8731E1FAD3F006615A0 /* ViewController.swift */; };
		57C8A8771E1FAD3F006615A0 /* Main.storyboard in Resources */ = {isa = PBXBuildFile; fileRef = 57C8A8751E1FAD3F006615A0 /* Main.storyboard */; };
		57C8A8791E1FAD40006615A0 /* Assets.xcassets in Resources */ = {isa = PBXBuildFile; fileRef = 57C8A8781E1FAD40006615A0 /* Assets.xcassets */; };
		57C8A87C1E1FAD40006615A0 /* LaunchScreen.storyboard in Resources */ = {isa = PBXBuildFile; fileRef = 57C8A87A1E1FAD40006615A0 /* LaunchScreen.storyboard */; };
		57C8A8841E1FB06A006615A0 /* Content in Resources */ = {isa = PBXBuildFile; fileRef = 57C8A8831E1FB06A006615A0 /* Content */; };
/* End PBXBuildFile section */

/* Begin PBXFileReference section */
		57C8A86E1E1FAD3F006615A0 /* FontPreview.app */ = {isa = PBXFileReference; explicitFileType = wrapper.application; includeInIndex = 0; path = FontPreview.app; sourceTree = BUILT_PRODUCTS_DIR; };
		57C8A8711E1FAD3F006615A0 /* AppDelegate.swift */ = {isa = PBXFileReference; lastKnownFileType = sourcecode.swift; path = AppDelegate.swift; sourceTree = "<group>"; };
		57C8A8731E1FAD3F006615A0 /* ViewController.swift */ = {isa = PBXFileReference; lastKnownFileType = sourcecode.swift; path = ViewController.swift; sourceTree = "<group>"; };
		57C8A8761E1FAD3F006615A0 /* Base */ = {isa = PBXFileReference; lastKnownFileType = file.storyboard; name = Base; path = Base.lproj/Main.storyboard; sourceTree = "<group>"; };
		57C8A8781E1FAD40006615A0 /* Assets.xcassets */ = {isa = PBXFileReference; lastKnownFileType = folder.assetcatalog; path = Assets.xcassets; sourceTree = "<group>"; };
		57C8A87B1E1FAD40006615A0 /* Base */ = {isa = PBXFileReference; lastKnownFileType = file.storyboard; name = Base; path = Base.lproj/LaunchScreen.storyboard; sourceTree = "<group>"; };
		57C8A87D1E1FAD40006615A0 /* Info.plist */ = {isa = PBXFileReference; lastKnownFileType = text.plist.xml; path = Info.plist; sourceTree = "<group>"; };
		57C8A8831E1FB06A006615A0 /* Content */ = {isa = PBXFileReference; fileEncoding = 4; lastKnownFileType = text; path = Content; sourceTree = "<group>"; };
/* End PBXFileReference section */

/* Begin PBXFrameworksBuildPhase section */
		57C8A86B1E1FAD3F006615A0 /* Frameworks */ = {
			isa = PBXFrameworksBuildPhase;
			buildActionMask = 2147483647;
			files = (
			);
			runOnlyForDeploymentPostprocessing = 0;
		};
/* End PBXFrameworksBuildPhase section */

/* Begin PBXGroup section */
		57C8A8651E1FAD3F006615A0 = {
			isa = PBXGroup;
			children = (
				57C8A8701E1FAD3F006615A0 /* FontPreview */,
				57C8A86F1E1FAD3F006615A0 /* Products */,
			);
			sourceTree = "<group>";
		};
		57C8A86F1E1FAD3F006615A0 /* Products */ = {
			isa = PBXGroup;
			children = (
				57C8A86E1E1FAD3F006615A0 /* FontPreview.app */,
			);
			name = Products;
			sourceTree = "<group>";
		};
		57C8A8701E1FAD3F006615A0 /* FontPreview */ = {
			isa = PBXGroup;
			children = (
				57C8A8711E1FAD3F006615A0 /* AppDelegate.swift */,
				57C8A8731E1FAD3F006615A0 /* ViewController.swift */,
				57C8A8831E1FB06A006615A0 /* Content */,
				57C8A8751E1FAD3F006615A0 /* Main.storyboard */,
				57C8A8781E1FAD40006615A0 /* Assets.xcassets */,
				57C8A87A1E1FAD40006615A0 /* LaunchScreen.storyboard */,
				57C8A87D1E1FAD40006615A0 /* Info.plist */,
			);
			path = FontPreview;
			sourceTree = "<group>";
		};
/* End PBXGroup section */

/* Begin PBXNativeTarget section */
		57C8A86D1E1FAD3F006615A0 /* FontPreview */ = {
			isa = PBXNativeTarget;
			buildConfigurationList = 57C8A8801E1FAD40006615A0 /* Build configuration list for PBXNativeTarget "FontPreview" */;
			buildPhases = (
				57C8A86A1E1FAD3F006615A0 /* Sources */,
				57C8A86B1E1FAD3F006615A0 /* Frameworks */,
				57C8A86C1E1FAD3F006615A0 /* Resources */,
			);
			buildRules = (
			);
			dependencies = (
			);
			name = FontPreview;
			productName = FontPreview;
			productReference = 57C8A86E1E1FAD3F006615A0 /* FontPreview.app */;
			productType = "com.apple.product-type.application";
		};
/* End PBXNativeTarget section */

/* Begin PBXProject section */
		57C8A8661E1FAD3F006615A0 /* Project object */ = {
			isa = PBXProject;
			attributes = {
				LastSwiftUpdateCheck = 0820;
				LastUpgradeCheck = 0820;
				ORGANIZATIONNAME = kilolumen;
				TargetAttributes = {
					57C8A86D1E1FAD3F006615A0 = {
						CreatedOnToolsVersion = 8.2;
						DevelopmentTeam = QY42B6MUPR;
						ProvisioningStyle = Automatic;
					};
				};
			};
			buildConfigurationList = 57C8A8691E1FAD3F006615A0 /* Build configuration list for PBXProject "FontPreview" */;
			compatibilityVersion = "Xcode 3.2";
			developmentRegion = English;
			hasScannedForEncodings = 0;
			knownRegions = (
				en,
				Base,
			);
			mainGroup = 57C8A8651E1FAD3F006615A0;
			productRefGroup = 57C8A86F1E1FAD3F006615A0 /* Products */;
			projectDirPath = "";
			projectRoot = "";
			targets = (
				57C8A86D1E1FAD3F006615A0 /* FontPreview */,
			);
		};
/* End PBXProject section */

/* Begin PBXResourcesBuildPhase section */
		57C8A86C1E1FAD3F006615A0 /* Resources */ = {
			isa = PBXResourcesBuildPhase;
			buildActionMask = 2147483647;
			files = (
				57C8A87C1E1FAD40006615A0 /* LaunchScreen.storyboard in Resources */,
				57C8A8791E1FAD40006615A0 /* Assets.xcassets in Resources */,
				57C8A8841E1FB06A006615A0 /* Content in Resources */,
				57C8A8771E1FAD3F006615A0 /* Main.storyboard in Resources */,
			);
			runOnlyForDeploymentPostprocessing = 0;
		};
/* End PBXResourcesBuildPhase section */

/* Begin PBXSourcesBuildPhase section */
		57C8A86A1E1FAD3F006615A0 /* Sources */ = {
			isa = PBXSourcesBuildPhase;
			buildActionMask = 2147483647;
			files = (
				57C8A8741E1FAD3F006615A0 /* ViewController.swift in Sources */,
				57C8A8721E1FAD3F006615A0 /* AppDelegate.swift in Sources */,
			);
			runOnlyForDeploymentPostprocessing = 0;
		};
/* End PBXSourcesBuildPhase section */

/* Begin PBXVariantGroup section */
		57C8A8751E1FAD3F006615A0 /* Main.storyboard */ = {
			isa = PBXVariantGroup;
			children = (
				57C8A8761E1FAD3F006615A0 /* Base */,
			);
			name = Main.storyboard;
			sourceTree = "<group>";
		};
		57C8A87A1E1FAD40006615A0 /* LaunchScreen.storyboard */ = {
			isa = PBXVariantGroup;
			children = (
				57C8A87B1E1FAD40006615A0 /* Base */,
			);
			name = LaunchScreen.storyboard;
			sourceTree = "<group>";
		};
/* End PBXVariantGroup section */

/* Begin XCBuildConfiguration section */
		57C8A87E1E1FAD40006615A0 /* Debug */ = {
			isa = XCBuildConfiguration;
			buildSettings = {
				ALWAYS_SEARCH_USER_PATHS = NO;
				CLANG_ANALYZER_NONNULL = YES;
				CLANG_CXX_LANGUAGE_STANDARD = "gnu++0x";
				CLANG_CXX_LIBRARY = "libc++";
				CLANG_ENABLE_MODULES = YES;
				CLANG_ENABLE_OBJC_ARC = YES;
				CLANG_WARN_BOOL_CONVERSION = YES;
				CLANG_WARN_CONSTANT_CONVERSION = YES;
				CLANG_WARN_DIRECT_OBJC_ISA_USAGE = YES_ERROR;
				CLANG_WARN_DOCUMENTATION_COMMENTS = YES;
				CLANG_WARN_EMPTY_BODY = YES;
				CLANG_WARN_ENUM_CONVERSION = YES;
				CLANG_WARN_INFINITE_RECURSION = YES;
				CLANG_WARN_INT_CONVERSION = YES;
				CLANG_WARN_OBJC_ROOT_CLASS = YES_ERROR;
				CLANG_WARN_SUSPICIOUS_MOVE = YES;
				CLANG_WARN_UNREACHABLE_CODE = YES;
				CLANG_WARN__DUPLICATE_METHOD_MATCH = YES;
				"CODE_SIGN_IDENTITY[sdk=iphoneos*]" = "iPhone Developer";
				COPY_PHASE_STRIP = NO;
				DEBUG_INFORMATION_FORMAT = dwarf;
				ENABLE_STRICT_OBJC_MSGSEND = YES;
				ENABLE_TESTABILITY = YES;
				GCC_C_LANGUAGE_STANDARD = gnu99;
				GCC_DYNAMIC_NO_PIC = NO;
				GCC_NO_COMMON_BLOCKS = YES;
				GCC_OPTIMIZATION_LEVEL = 0;
				GCC_PREPROCESSOR_DEFINITIONS = (
					"DEBUG=1",
					"$(inherited)",
				);
				GCC_WARN_64_TO_32_BIT_CONVERSION = YES;
				GCC_WARN_ABOUT_RETURN_TYPE = YES_ERROR;
				GCC_WARN_UNDECLARED_SELECTOR = YES;
				GCC_WARN_UNINITIALIZED_AUTOS = YES_AGGRESSIVE;
				GCC_WARN_UNUSED_FUNCTION = YES;
				GCC_WARN_UNUSED_VARIABLE = YES;
				IPHONEOS_DEPLOYMENT_TARGET = 10.2;
				MTL_ENABLE_DEBUG_INFO = YES;
				ONLY_ACTIVE_ARCH = YES;
				SDKROOT = iphoneos;
				SWIFT_ACTIVE_COMPILATION_CONDITIONS = DEBUG;
				SWIFT_OPTIMIZATION_LEVEL = "-Onone";
				TARGETED_DEVICE_FAMILY = "1,2";
			};
			name = Debug;
		};
		57C8A87F1E1FAD40006615A0 /* Release */ = {
			isa = XCBuildConfiguration;
			buildSettings = {
				ALWAYS_SEARCH_USER_PATHS = NO;
				CLANG_ANALYZER_NONNULL = YES;
				CLANG_CXX_LANGUAGE_STANDARD = "gnu++0x";
				CLANG_CXX_LIBRARY = "libc++";
				CLANG_ENABLE_MODULES = YES;
				CLANG_ENABLE_OBJC_ARC = YES;
				CLANG_WARN_BOOL_CONVERSION = YES;
				CLANG_WARN_CONSTANT_CONVERSION = YES;
				CLANG_WARN_DIRECT_OBJC_ISA_USAGE = YES_ERROR;
				CLANG_WARN_DOCUMENTATION_COMMENTS = YES;
				CLANG_WARN_EMPTY_BODY = YES;
				CLANG_WARN_ENUM_CONVERSION = YES;
				CLANG_WARN_INFINITE_RECURSION = YES;
				CLANG_WARN_INT_CONVERSION = YES;
				CLANG_WARN_OBJC_ROOT_CLASS = YES_ERROR;
				CLANG_WARN_SUSPICIOUS_MOVE = YES;
				CLANG_WARN_UNREACHABLE_CODE = YES;
				CLANG_WARN__DUPLICATE_METHOD_MATCH = YES;
				"CODE_SIGN_IDENTITY[sdk=iphoneos*]" = "iPhone Developer";
				COPY_PHASE_STRIP = NO;
				DEBUG_INFORMATION_FORMAT = "dwarf-with-dsym";
				ENABLE_NS_ASSERTIONS = NO;
				ENABLE_STRICT_OBJC_MSGSEND = YES;
				GCC_C_LANGUAGE_STANDARD = gnu99;
				GCC_NO_COMMON_BLOCKS = YES;
				GCC_WARN_64_TO_32_BIT_CONVERSION = YES;
				GCC_WARN_ABOUT_RETURN_TYPE = YES_ERROR;
				GCC_WARN_UNDECLARED_SELECTOR = YES;
				GCC_WARN_UNINITIALIZED_AUTOS = YES_AGGRESSIVE;
				GCC_WARN_UNUSED_FUNCTION = YES;
				GCC_WARN_UNUSED_VARIABLE = YES;
				IPHONEOS_DEPLOYMENT_TARGET = 10.2;
				MTL_ENABLE_DEBUG_INFO = NO;
				SDKROOT = iphoneos;
				SWIFT_OPTIMIZATION_LEVEL = "-Owholemodule";
				TARGETED_DEVICE_FAMILY = "1,2";
				VALIDATE_PRODUCT = YES;
			};
			name = Release;
		};
		57C8A8811E1FAD40006615A0 /* Debug */ = {
			isa = XCBuildConfiguration;
			buildSettings = {
				ASSETCATALOG_COMPILER_APPICON_NAME = AppIcon;
				DEVELOPMENT_TEAM = QY42B6MUPR;
				INFOPLIST_FILE = FontPreview/Info.plist;
				IPHONEOS_DEPLOYMENT_TARGET = 10.0;
				LD_RUNPATH_SEARCH_PATHS = "$(inherited) @executable_path/Frameworks";
				PRODUCT_BUNDLE_IDENTIFIER = me.kilolumen.FontPreview;
				PRODUCT_NAME = "$(TARGET_NAME)";
				SWIFT_VERSION = 3.0;
			};
			name = Debug;
		};
		57C8A8821E1FAD40006615A0 /* Release */ = {
			isa = XCBuildConfiguration;
			buildSettings = {
				ASSETCATALOG_COMPILER_APPICON_NAME = AppIcon;
				DEVELOPMENT_TEAM = QY42B6MUPR;
				INFOPLIST_FILE = FontPreview/Info.plist;
				IPHONEOS_DEPLOYMENT_TARGET = 10.0;
				LD_RUNPATH_SEARCH_PATHS = "$(inherited) @executable_path/Frameworks";
				PRODUCT_BUNDLE_IDENTIFIER = me.kilolumen.FontPreview;
				PRODUCT_NAME = "$(TARGET_NAME)";
				SWIFT_VERSION = 3.0;
			};
			name = Release;
		};
/* End XCBuildConfiguration section */

/* Begin XCConfigurationList section */
		57C8A8691E1FAD3F006615A0 /* Build configuration list for PBXProject "FontPreview" */ = {
			isa = XCConfigurationList;
			buildConfigurations = (
				57C8A87E1E1FAD40006615A0 /* Debug */,
				57C8A87F1E1FAD40006615A0 /* Release */,
			);
			defaultConfigurationIsVisible = 0;
			defaultConfigurationName = Release;
		};
		57C8A8801E1FAD40006615A0 /* Build configuration list for PBXNativeTarget "FontPreview" */ = {
			isa = XCConfigurationList;
			buildConfigurations = (
				57C8A8811E1FAD40006615A0 /* Debug */,
				57C8A8821E1FAD40006615A0 /* Release */,
			);
			defaultConfigurationIsVisible = 0;
			defaultConfigurationName = Release;
		};
/* End XCConfigurationList section */
	};
	rootObject = 57C8A8661E1FAD3F006615A0 /* Project object */;
}
